
Microsoft Visual Studio Solution File, Format Version 12.00
# Visual Studio Version 17
VisualStudioVersion = 17.3.32819.101
MinimumVisualStudioVersion = 10.0.40219.1
Project("{FAE04EC0-301F-11D3-BF4B-00C04F79EFBC}") = "Liskov Substitution Principle", "Liskov Substitution Principle\Liskov Substitution Principle.csproj", "{0A6191C6-37C4-413F-8AA1-C2C04E794708}"
EndProject
Global
	GlobalSection(SolutionConfigurationPlatforms) = preSolution
		Debug|Any CPU = Debug|Any CPU
		Release|Any CPU = Release|Any CPU
	EndGlobalSection
	GlobalSection(ProjectConfigurationPlatforms) = postSolution
		{0A6191C6-37C4-413F-8AA1-C2C04E794708}.Debug|Any CPU.ActiveCfg = Debug|Any CPU
		{0A6191C6-37C4-413F-8AA1-C2C04E794708}.Debug|Any CPU.Build.0 = Debug|Any CPU
		{0A6191C6-37C4-413F-8AA1-C2C04E794708}.Release|Any CPU.ActiveCfg = Release|Any CPU
		{0A6191C6-37C4-413F-8AA1-C2C04E794708}.Release|Any CPU.Build.0 = Release|Any CPU
	EndGlobalSection
	GlobalSection(SolutionProperties) = preSolution
		HideSolutionNode = FALSE
	EndGlobalSection
	GlobalSection(ExtensibilityGlobals) = postSolution
		SolutionGuid = {5010607E-38A4-4010-A7EF-1E97E25E3197}
	EndGlobalSection
EndGlobal
